{
  "name": "seating-chart",
  "version": "1.0.0",
  "lockfileVersion": 1,
  "requires": true,
  "dependencies": {
    "@types/google-apps-script": {
      "version": "0.0.55",
      "resolved": "https://registry.npmjs.org/@types/google-apps-script/-/google-apps-script-0.0.55.tgz",
      "integrity": "sha512-Nf3Km5+ZCz+8iRs+/BT2UFOn6Lp/nxtHIalBnVak8z3L0aQ6ZKpWrnGLxQU+Y2+Ue4XD7U3tPjZ2HtVRWOL43g=="
    },
    "prettier": {
      "version": "1.18.2",
      "resolved": "https://registry.npmjs.org/prettier/-/prettier-1.18.2.tgz",
      "integrity": "sha512-OeHeMc0JhFE9idD4ZdtNibzY0+TPHSpSSb9h8FqtP+YnoZZ1sl8Vc9b1sasjfymH3SonAF4QcA2+mzHPhMvIiw=="
    }
  }
}
